// !$*UTF8*$!
{
	archiveVersion = 1;
	classes = {
	};
	objectVersion = 55;
	objects = {

/* Begin PBXBuildFile section */
		08C9D56E285D87D4006E6276 /* AppDelegate.swift in Sources */ = {isa = PBXBuildFile; fileRef = 08C9D56D285D87D4006E6276 /* AppDelegate.swift */; };
		08C9D570285D87D4006E6276 /* SceneDelegate.swift in Sources */ = {isa = PBXBuildFile; fileRef = 08C9D56F285D87D4006E6276 /* SceneDelegate.swift */; };
		08C9D572285D87D4006E6276 /* ViewController.swift in Sources */ = {isa = PBXBuildFile; fileRef = 08C9D571285D87D4006E6276 /* ViewController.swift */; };
		08C9D575285D87D4006E6276 /* Main.storyboard in Resources */ = {isa = PBXBuildFile; fileRef = 08C9D573285D87D4006E6276 /* Main.storyboard */; };
		08C9D577285D87D5006E6276 /* Assets.xcassets in Resources */ = {isa = PBXBuildFile; fileRef = 08C9D576285D87D5006E6276 /* Assets.xcassets */; };
		08C9D57A285D87D5006E6276 /* LaunchScreen.storyboard in Resources */ = {isa = PBXBuildFile; fileRef = 08C9D578285D87D5006E6276 /* LaunchScreen.storyboard */; };
		08C9D58A285D8843006E6276 /* EndPointType.swift in Sources */ = {isa = PBXBuildFile; fileRef = 08C9D589285D8843006E6276 /* EndPointType.swift */; };
		08C9D58C285D88AC006E6276 /* HTTPMethod.swift in Sources */ = {isa = PBXBuildFile; fileRef = 08C9D58B285D88AC006E6276 /* HTTPMethod.swift */; };
		08C9D58E285D8916006E6276 /* HTTPTask.swift in Sources */ = {isa = PBXBuildFile; fileRef = 08C9D58D285D8916006E6276 /* HTTPTask.swift */; };
		08C9D590285D8A66006E6276 /* ParameterEncoding.swift in Sources */ = {isa = PBXBuildFile; fileRef = 08C9D58F285D8A65006E6276 /* ParameterEncoding.swift */; };
		08C9D592285D8BF6006E6276 /* NetworkError.swift in Sources */ = {isa = PBXBuildFile; fileRef = 08C9D591285D8BF6006E6276 /* NetworkError.swift */; };
		08C9D594285D8C53006E6276 /* URLParameterEncoder.swift in Sources */ = {isa = PBXBuildFile; fileRef = 08C9D593285D8C53006E6276 /* URLParameterEncoder.swift */; };
		08C9D596285D9190006E6276 /* JSONParameterEncoder.swift in Sources */ = {isa = PBXBuildFile; fileRef = 08C9D595285D9190006E6276 /* JSONParameterEncoder.swift */; };
		08C9D598285D9221006E6276 /* NetworkRouter.swift in Sources */ = {isa = PBXBuildFile; fileRef = 08C9D597285D9221006E6276 /* NetworkRouter.swift */; };
		08C9D59A285D92B2006E6276 /* Router.swift in Sources */ = {isa = PBXBuildFile; fileRef = 08C9D599285D92B1006E6276 /* Router.swift */; };
		08C9D59C285D9A0D006E6276 /* MovieEndPoint.swift in Sources */ = {isa = PBXBuildFile; fileRef = 08C9D59B285D9A0D006E6276 /* MovieEndPoint.swift */; };
		08C9D59E285D9A3A006E6276 /* MovieModel.swift in Sources */ = {isa = PBXBuildFile; fileRef = 08C9D59D285D9A3A006E6276 /* MovieModel.swift */; };
		08C9D5A0285D9A69006E6276 /* NetworkManager.swift in Sources */ = {isa = PBXBuildFile; fileRef = 08C9D59F285D9A69006E6276 /* NetworkManager.swift */; };
/* End PBXBuildFile section */

/* Begin PBXFileReference section */
		08C9D56A285D87D4006E6276 /* NetworkLayer.app */ = {isa = PBXFileReference; explicitFileType = wrapper.application; includeInIndex = 0; path = NetworkLayer.app; sourceTree = BUILT_PRODUCTS_DIR; };
		08C9D56D285D87D4006E6276 /* AppDelegate.swift */ = {isa = PBXFileReference; lastKnownFileType = sourcecode.swift; path = AppDelegate.swift; sourceTree = "<group>"; };
		08C9D56F285D87D4006E6276 /* SceneDelegate.swift */ = {isa = PBXFileReference; lastKnownFileType = sourcecode.swift; path = SceneDelegate.swift; sourceTree = "<group>"; };
		08C9D571285D87D4006E6276 /* ViewController.swift */ = {isa = PBXFileReference; lastKnownFileType = sourcecode.swift; path = ViewController.swift; sourceTree = "<group>"; };
		08C9D574285D87D4006E6276 /* Base */ = {isa = PBXFileReference; lastKnownFileType = file.storyboard; name = Base; path = Base.lproj/Main.storyboard; sourceTree = "<group>"; };
		08C9D576285D87D5006E6276 /* Assets.xcassets */ = {isa = PBXFileReference; lastKnownFileType = folder.assetcatalog; path = Assets.xcassets; sourceTree = "<group>"; };
		08C9D579285D87D5006E6276 /* Base */ = {isa = PBXFileReference; lastKnownFileType = file.storyboard; name = Base; path = Base.lproj/LaunchScreen.storyboard; sourceTree = "<group>"; };
		08C9D57B285D87D5006E6276 /* Info.plist */ = {isa = PBXFileReference; lastKnownFileType = text.plist.xml; path = Info.plist; sourceTree = "<group>"; };
		08C9D589285D8843006E6276 /* EndPointType.swift */ = {isa = PBXFileReference; lastKnownFileType = sourcecode.swift; path = EndPointType.swift; sourceTree = "<group>"; };
		08C9D58B285D88AC006E6276 /* HTTPMethod.swift */ = {isa = PBXFileReference; lastKnownFileType = sourcecode.swift; path = HTTPMethod.swift; sourceTree = "<group>"; };
		08C9D58D285D8916006E6276 /* HTTPTask.swift */ = {isa = PBXFileReference; lastKnownFileType = sourcecode.swift; path = HTTPTask.swift; sourceTree = "<group>"; };
		08C9D58F285D8A65006E6276 /* ParameterEncoding.swift */ = {isa = PBXFileReference; lastKnownFileType = sourcecode.swift; path = ParameterEncoding.swift; sourceTree = "<group>"; };
		08C9D591285D8BF6006E6276 /* NetworkError.swift */ = {isa = PBXFileReference; lastKnownFileType = sourcecode.swift; path = NetworkError.swift; sourceTree = "<group>"; };
		08C9D593285D8C53006E6276 /* URLParameterEncoder.swift */ = {isa = PBXFileReference; lastKnownFileType = sourcecode.swift; path = URLParameterEncoder.swift; sourceTree = "<group>"; };
		08C9D595285D9190006E6276 /* JSONParameterEncoder.swift */ = {isa = PBXFileReference; lastKnownFileType = sourcecode.swift; path = JSONParameterEncoder.swift; sourceTree = "<group>"; };
		08C9D597285D9221006E6276 /* NetworkRouter.swift */ = {isa = PBXFileReference; lastKnownFileType = sourcecode.swift; path = NetworkRouter.swift; sourceTree = "<group>"; };
		08C9D599285D92B1006E6276 /* Router.swift */ = {isa = PBXFileReference; lastKnownFileType = sourcecode.swift; path = Router.swift; sourceTree = "<group>"; };
		08C9D59B285D9A0D006E6276 /* MovieEndPoint.swift */ = {isa = PBXFileReference; lastKnownFileType = sourcecode.swift; path = MovieEndPoint.swift; sourceTree = "<group>"; };
		08C9D59D285D9A3A006E6276 /* MovieModel.swift */ = {isa = PBXFileReference; lastKnownFileType = sourcecode.swift; path = MovieModel.swift; sourceTree = "<group>"; };
		08C9D59F285D9A69006E6276 /* NetworkManager.swift */ = {isa = PBXFileReference; lastKnownFileType = sourcecode.swift; path = NetworkManager.swift; sourceTree = "<group>"; };
/* End PBXFileReference section */

/* Begin PBXFrameworksBuildPhase section */
		08C9D567285D87D4006E6276 /* Frameworks */ = {
			isa = PBXFrameworksBuildPhase;
			buildActionMask = 2147483647;
			files = (
			);
			runOnlyForDeploymentPostprocessing = 0;
		};
/* End PBXFrameworksBuildPhase section */

/* Begin PBXGroup section */
		08C9D561285D87D4006E6276 = {
			isa = PBXGroup;
			children = (
				08C9D56C285D87D4006E6276 /* NetworkLayer */,
				08C9D56B285D87D4006E6276 /* Products */,
			);
			sourceTree = "<group>";
		};
		08C9D56B285D87D4006E6276 /* Products */ = {
			isa = PBXGroup;
			children = (
				08C9D56A285D87D4006E6276 /* NetworkLayer.app */,
			);
			name = Products;
			sourceTree = "<group>";
		};
		08C9D56C285D87D4006E6276 /* NetworkLayer */ = {
			isa = PBXGroup;
			children = (
				08C9D584285D87FD006E6276 /* Networking */,
				08C9D583285D87F6006E6276 /* ViewController */,
				08C9D582285D87F1006E6276 /* Model */,
				08C9D581285D87E4006E6276 /* Application */,
				08C9D57B285D87D5006E6276 /* Info.plist */,
			);
			path = NetworkLayer;
			sourceTree = "<group>";
		};
		08C9D581285D87E4006E6276 /* Application */ = {
			isa = PBXGroup;
			children = (
				08C9D56D285D87D4006E6276 /* AppDelegate.swift */,
				08C9D56F285D87D4006E6276 /* SceneDelegate.swift */,
				08C9D573285D87D4006E6276 /* Main.storyboard */,
				08C9D576285D87D5006E6276 /* Assets.xcassets */,
				08C9D578285D87D5006E6276 /* LaunchScreen.storyboard */,
			);
			path = Application;
			sourceTree = "<group>";
		};
		08C9D582285D87F1006E6276 /* Model */ = {
			isa = PBXGroup;
			children = (
				08C9D59D285D9A3A006E6276 /* MovieModel.swift */,
			);
			path = Model;
			sourceTree = "<group>";
		};
		08C9D583285D87F6006E6276 /* ViewController */ = {
			isa = PBXGroup;
			children = (
				08C9D571285D87D4006E6276 /* ViewController.swift */,
			);
			path = ViewController;
			sourceTree = "<group>";
		};
		08C9D584285D87FD006E6276 /* Networking */ = {
			isa = PBXGroup;
			children = (
				08C9D588285D881A006E6276 /* Encoding */,
				08C9D587285D8814006E6276 /* Service */,
				08C9D586285D880F006E6276 /* Manager */,
				08C9D585285D8808006E6276 /* EndPoint */,
			);
			path = Networking;
			sourceTree = "<group>";
		};
		08C9D585285D8808006E6276 /* EndPoint */ = {
			isa = PBXGroup;
			children = (
				08C9D59B285D9A0D006E6276 /* MovieEndPoint.swift */,
			);
			path = EndPoint;
			sourceTree = "<group>";
		};
		08C9D586285D880F006E6276 /* Manager */ = {
			isa = PBXGroup;
			children = (
				08C9D59F285D9A69006E6276 /* NetworkManager.swift */,
			);
			path = Manager;
			sourceTree = "<group>";
		};
		08C9D587285D8814006E6276 /* Service */ = {
			isa = PBXGroup;
			children = (
				08C9D589285D8843006E6276 /* EndPointType.swift */,
				08C9D58B285D88AC006E6276 /* HTTPMethod.swift */,
				08C9D58D285D8916006E6276 /* HTTPTask.swift */,
				08C9D591285D8BF6006E6276 /* NetworkError.swift */,
				08C9D597285D9221006E6276 /* NetworkRouter.swift */,
				08C9D599285D92B1006E6276 /* Router.swift */,
			);
			path = Service;
			sourceTree = "<group>";
		};
		08C9D588285D881A006E6276 /* Encoding */ = {
			isa = PBXGroup;
			children = (
				08C9D58F285D8A65006E6276 /* ParameterEncoding.swift */,
				08C9D593285D8C53006E6276 /* URLParameterEncoder.swift */,
				08C9D595285D9190006E6276 /* JSONParameterEncoder.swift */,
			);
			path = Encoding;
			sourceTree = "<group>";
		};
/* End PBXGroup section */

/* Begin PBXNativeTarget section */
		08C9D569285D87D4006E6276 /* NetworkLayer */ = {
			isa = PBXNativeTarget;
			buildConfigurationList = 08C9D57E285D87D5006E6276 /* Build configuration list for PBXNativeTarget "NetworkLayer" */;
			buildPhases = (
				08C9D566285D87D4006E6276 /* Sources */,
				08C9D567285D87D4006E6276 /* Frameworks */,
				08C9D568285D87D4006E6276 /* Resources */,
			);
			buildRules = (
			);
			dependencies = (
			);
			name = NetworkLayer;
			productName = NetworkLayer;
			productReference = 08C9D56A285D87D4006E6276 /* NetworkLayer.app */;
			productType = "com.apple.product-type.application";
		};
/* End PBXNativeTarget section */

/* Begin PBXProject section */
		08C9D562285D87D4006E6276 /* Project object */ = {
			isa = PBXProject;
			attributes = {
				BuildIndependentTargetsInParallel = 1;
				LastSwiftUpdateCheck = 1340;
				LastUpgradeCheck = 1340;
				TargetAttributes = {
					08C9D569285D87D4006E6276 = {
						CreatedOnToolsVersion = 13.4;
					};
				};
			};
			buildConfigurationList = 08C9D565285D87D4006E6276 /* Build configuration list for PBXProject "NetworkLayer" */;
			compatibilityVersion = "Xcode 13.0";
			developmentRegion = en;
			hasScannedForEncodings = 0;
			knownRegions = (
				en,
				Base,
			);
			mainGroup = 08C9D561285D87D4006E6276;
			productRefGroup = 08C9D56B285D87D4006E6276 /* Products */;
			projectDirPath = "";
			projectRoot = "";
			targets = (
				08C9D569285D87D4006E6276 /* NetworkLayer */,
			);
		};
/* End PBXProject section */

/* Begin PBXResourcesBuildPhase section */
		08C9D568285D87D4006E6276 /* Resources */ = {
			isa = PBXResourcesBuildPhase;
			buildActionMask = 2147483647;
			files = (
				08C9D57A285D87D5006E6276 /* LaunchScreen.storyboard in Resources */,
				08C9D577285D87D5006E6276 /* Assets.xcassets in Resources */,
				08C9D575285D87D4006E6276 /* Main.storyboard in Resources */,
			);
			runOnlyForDeploymentPostprocessing = 0;
		};
/* End PBXResourcesBuildPhase section */

/* Begin PBXSourcesBuildPhase section */
		08C9D566285D87D4006E6276 /* Sources */ = {
			isa = PBXSourcesBuildPhase;
			buildActionMask = 2147483647;
			files = (
				08C9D59E285D9A3A006E6276 /* MovieModel.swift in Sources */,
				08C9D596285D9190006E6276 /* JSONParameterEncoder.swift in Sources */,
				08C9D598285D9221006E6276 /* NetworkRouter.swift in Sources */,
				08C9D590285D8A66006E6276 /* ParameterEncoding.swift in Sources */,
				08C9D592285D8BF6006E6276 /* NetworkError.swift in Sources */,
				08C9D59A285D92B2006E6276 /* Router.swift in Sources */,
				08C9D59C285D9A0D006E6276 /* MovieEndPoint.swift in Sources */,
				08C9D58E285D8916006E6276 /* HTTPTask.swift in Sources */,
				08C9D58A285D8843006E6276 /* EndPointType.swift in Sources */,
				08C9D572285D87D4006E6276 /* ViewController.swift in Sources */,
				08C9D56E285D87D4006E6276 /* AppDelegate.swift in Sources */,
				08C9D58C285D88AC006E6276 /* HTTPMethod.swift in Sources */,
				08C9D5A0285D9A69006E6276 /* NetworkManager.swift in Sources */,
				08C9D570285D87D4006E6276 /* SceneDelegate.swift in Sources */,
				08C9D594285D8C53006E6276 /* URLParameterEncoder.swift in Sources */,
			);
			runOnlyForDeploymentPostprocessing = 0;
		};
/* End PBXSourcesBuildPhase section */

/* Begin PBXVariantGroup section */
		08C9D573285D87D4006E6276 /* Main.storyboard */ = {
			isa = PBXVariantGroup;
			children = (
				08C9D574285D87D4006E6276 /* Base */,
			);
			name = Main.storyboard;
			sourceTree = "<group>";
		};
		08C9D578285D87D5006E6276 /* LaunchScreen.storyboard */ = {
			isa = PBXVariantGroup;
			children = (
				08C9D579285D87D5006E6276 /* Base */,
			);
			name = LaunchScreen.storyboard;
			sourceTree = "<group>";
		};
/* End PBXVariantGroup section */

/* Begin XCBuildConfiguration section */
		08C9D57C285D87D5006E6276 /* Debug */ = {
			isa = XCBuildConfiguration;
			buildSettings = {
				ALWAYS_SEARCH_USER_PATHS = NO;
				CLANG_ANALYZER_NONNULL = YES;
				CLANG_ANALYZER_NUMBER_OBJECT_CONVERSION = YES_AGGRESSIVE;
				CLANG_CXX_LANGUAGE_STANDARD = "gnu++17";
				CLANG_ENABLE_MODULES = YES;
				CLANG_ENABLE_OBJC_ARC = YES;
				CLANG_ENABLE_OBJC_WEAK = YES;
				CLANG_WARN_BLOCK_CAPTURE_AUTORELEASING = YES;
				CLANG_WARN_BOOL_CONVERSION = YES;
				CLANG_WARN_COMMA = YES;
				CLANG_WARN_CONSTANT_CONVERSION = YES;
				CLANG_WARN_DEPRECATED_OBJC_IMPLEMENTATIONS = YES;
				CLANG_WARN_DIRECT_OBJC_ISA_USAGE = YES_ERROR;
				CLANG_WARN_DOCUMENTATION_COMMENTS = YES;
				CLANG_WARN_EMPTY_BODY = YES;
				CLANG_WARN_ENUM_CONVERSION = YES;
				CLANG_WARN_INFINITE_RECURSION = YES;
				CLANG_WARN_INT_CONVERSION = YES;
				CLANG_WARN_NON_LITERAL_NULL_CONVERSION = YES;
				CLANG_WARN_OBJC_IMPLICIT_RETAIN_SELF = YES;
				CLANG_WARN_OBJC_LITERAL_CONVERSION = YES;
				CLANG_WARN_OBJC_ROOT_CLASS = YES_ERROR;
				CLANG_WARN_QUOTED_INCLUDE_IN_FRAMEWORK_HEADER = YES;
				CLANG_WARN_RANGE_LOOP_ANALYSIS = YES;
				CLANG_WARN_STRICT_PROTOTYPES = YES;
				CLANG_WARN_SUSPICIOUS_MOVE = YES;
				CLANG_WARN_UNGUARDED_AVAILABILITY = YES_AGGRESSIVE;
				CLANG_WARN_UNREACHABLE_CODE = YES;
				CLANG_WARN__DUPLICATE_METHOD_MATCH = YES;
				COPY_PHASE_STRIP = NO;
				DEBUG_INFORMATION_FORMAT = dwarf;
				ENABLE_STRICT_OBJC_MSGSEND = YES;
				ENABLE_TESTABILITY = YES;
				GCC_C_LANGUAGE_STANDARD = gnu11;
				GCC_DYNAMIC_NO_PIC = NO;
				GCC_NO_COMMON_BLOCKS = YES;
				GCC_OPTIMIZATION_LEVEL = 0;
				GCC_PREPROCESSOR_DEFINITIONS = (
					"DEBUG=1",
					"$(inherited)",
				);
				GCC_WARN_64_TO_32_BIT_CONVERSION = YES;
				GCC_WARN_ABOUT_RETURN_TYPE = YES_ERROR;
				GCC_WARN_UNDECLARED_SELECTOR = YES;
				GCC_WARN_UNINITIALIZED_AUTOS = YES_AGGRESSIVE;
				GCC_WARN_UNUSED_FUNCTION = YES;
				GCC_WARN_UNUSED_VARIABLE = YES;
				IPHONEOS_DEPLOYMENT_TARGET = 15.5;
				MTL_ENABLE_DEBUG_INFO = INCLUDE_SOURCE;
				MTL_FAST_MATH = YES;
				ONLY_ACTIVE_ARCH = YES;
				SDKROOT = iphoneos;
				SWIFT_ACTIVE_COMPILATION_CONDITIONS = DEBUG;
				SWIFT_OPTIMIZATION_LEVEL = "-Onone";
			};
			name = Debug;
		};
		08C9D57D285D87D5006E6276 /* Release */ = {
			isa = XCBuildConfiguration;
			buildSettings = {
				ALWAYS_SEARCH_USER_PATHS = NO;
				CLANG_ANALYZER_NONNULL = YES;
				CLANG_ANALYZER_NUMBER_OBJECT_CONVERSION = YES_AGGRESSIVE;
				CLANG_CXX_LANGUAGE_STANDARD = "gnu++17";
				CLANG_ENABLE_MODULES = YES;
				CLANG_ENABLE_OBJC_ARC = YES;
				CLANG_ENABLE_OBJC_WEAK = YES;
				CLANG_WARN_BLOCK_CAPTURE_AUTORELEASING = YES;
				CLANG_WARN_BOOL_CONVERSION = YES;
				CLANG_WARN_COMMA = YES;
				CLANG_WARN_CONSTANT_CONVERSION = YES;
				CLANG_WARN_DEPRECATED_OBJC_IMPLEMENTATIONS = YES;
				CLANG_WARN_DIRECT_OBJC_ISA_USAGE = YES_ERROR;
				CLANG_WARN_DOCUMENTATION_COMMENTS = YES;
				CLANG_WARN_EMPTY_BODY = YES;
				CLANG_WARN_ENUM_CONVERSION = YES;
				CLANG_WARN_INFINITE_RECURSION = YES;
				CLANG_WARN_INT_CONVERSION = YES;
				CLANG_WARN_NON_LITERAL_NULL_CONVERSION = YES;
				CLANG_WARN_OBJC_IMPLICIT_RETAIN_SELF = YES;
				CLANG_WARN_OBJC_LITERAL_CONVERSION = YES;
				CLANG_WARN_OBJC_ROOT_CLASS = YES_ERROR;
				CLANG_WARN_QUOTED_INCLUDE_IN_FRAMEWORK_HEADER = YES;
				CLANG_WARN_RANGE_LOOP_ANALYSIS = YES;
				CLANG_WARN_STRICT_PROTOTYPES = YES;
				CLANG_WARN_SUSPICIOUS_MOVE = YES;
				CLANG_WARN_UNGUARDED_AVAILABILITY = YES_AGGRESSIVE;
				CLANG_WARN_UNREACHABLE_CODE = YES;
				CLANG_WARN__DUPLICATE_METHOD_MATCH = YES;
				COPY_PHASE_STRIP = NO;
				DEBUG_INFORMATION_FORMAT = "dwarf-with-dsym";
				ENABLE_NS_ASSERTIONS = NO;
				ENABLE_STRICT_OBJC_MSGSEND = YES;
				GCC_C_LANGUAGE_STANDARD = gnu11;
				GCC_NO_COMMON_BLOCKS = YES;
				GCC_WARN_64_TO_32_BIT_CONVERSION = YES;
				GCC_WARN_ABOUT_RETURN_TYPE = YES_ERROR;
				GCC_WARN_UNDECLARED_SELECTOR = YES;
				GCC_WARN_UNINITIALIZED_AUTOS = YES_AGGRESSIVE;
				GCC_WARN_UNUSED_FUNCTION = YES;
				GCC_WARN_UNUSED_VARIABLE = YES;
				IPHONEOS_DEPLOYMENT_TARGET = 15.5;
				MTL_ENABLE_DEBUG_INFO = NO;
				MTL_FAST_MATH = YES;
				SDKROOT = iphoneos;
				SWIFT_COMPILATION_MODE = wholemodule;
				SWIFT_OPTIMIZATION_LEVEL = "-O";
				VALIDATE_PRODUCT = YES;
			};
			name = Release;
		};
		08C9D57F285D87D5006E6276 /* Debug */ = {
			isa = XCBuildConfiguration;
			buildSettings = {
				ASSETCATALOG_COMPILER_APPICON_NAME = AppIcon;
				ASSETCATALOG_COMPILER_GLOBAL_ACCENT_COLOR_NAME = AccentColor;
				CODE_SIGN_STYLE = Automatic;
				CURRENT_PROJECT_VERSION = 1;
				DEVELOPMENT_TEAM = 5HDJX97Z93;
				GENERATE_INFOPLIST_FILE = YES;
				INFOPLIST_FILE = NetworkLayer/Info.plist;
				INFOPLIST_KEY_UIApplicationSupportsIndirectInputEvents = YES;
				INFOPLIST_KEY_UILaunchStoryboardName = LaunchScreen;
				INFOPLIST_KEY_UIMainStoryboardFile = Main;
				INFOPLIST_KEY_UISupportedInterfaceOrientations_iPad = "UIInterfaceOrientationPortrait UIInterfaceOrientationPortraitUpsideDown UIInterfaceOrientationLandscapeLeft UIInterfaceOrientationLandscapeRight";
				INFOPLIST_KEY_UISupportedInterfaceOrientations_iPhone = "UIInterfaceOrientationPortrait UIInterfaceOrientationLandscapeLeft UIInterfaceOrientationLandscapeRight";
				LD_RUNPATH_SEARCH_PATHS = (
					"$(inherited)",
					"@executable_path/Frameworks",
				);
				MARKETING_VERSION = 1.0;
				PRODUCT_BUNDLE_IDENTIFIER = com.esifyce.NetworkLayer;
				PRODUCT_NAME = "$(TARGET_NAME)";
				SWIFT_EMIT_LOC_STRINGS = YES;
				SWIFT_VERSION = 5.0;
				TARGETED_DEVICE_FAMILY = "1,2";
			};
			name = Debug;
		};
		08C9D580285D87D5006E6276 /* Release */ = {
			isa = XCBuildConfiguration;
			buildSettings = {
				ASSETCATALOG_COMPILER_APPICON_NAME = AppIcon;
				ASSETCATALOG_COMPILER_GLOBAL_ACCENT_COLOR_NAME = AccentColor;
				CODE_SIGN_STYLE = Automatic;
				CURRENT_PROJECT_VERSION = 1;
				DEVELOPMENT_TEAM = 5HDJX97Z93;
				GENERATE_INFOPLIST_FILE = YES;
				INFOPLIST_FILE = NetworkLayer/Info.plist;
				INFOPLIST_KEY_UIApplicationSupportsIndirectInputEvents = YES;
				INFOPLIST_KEY_UILaunchStoryboardName = LaunchScreen;
				INFOPLIST_KEY_UIMainStoryboardFile = Main;
				INFOPLIST_KEY_UISupportedInterfaceOrientations_iPad = "UIInterfaceOrientationPortrait UIInterfaceOrientationPortraitUpsideDown UIInterfaceOrientationLandscapeLeft UIInterfaceOrientationLandscapeRight";
				INFOPLIST_KEY_UISupportedInterfaceOrientations_iPhone = "UIInterfaceOrientationPortrait UIInterfaceOrientationLandscapeLeft UIInterfaceOrientationLandscapeRight";
				LD_RUNPATH_SEARCH_PATHS = (
					"$(inherited)",
					"@executable_path/Frameworks",
				);
				MARKETING_VERSION = 1.0;
				PRODUCT_BUNDLE_IDENTIFIER = com.esifyce.NetworkLayer;
				PRODUCT_NAME = "$(TARGET_NAME)";
				SWIFT_EMIT_LOC_STRINGS = YES;
				SWIFT_VERSION = 5.0;
				TARGETED_DEVICE_FAMILY = "1,2";
			};
			name = Release;
		};
/* End XCBuildConfiguration section */

/* Begin XCConfigurationList section */
		08C9D565285D87D4006E6276 /* Build configuration list for PBXProject "NetworkLayer" */ = {
			isa = XCConfigurationList;
			buildConfigurations = (
				08C9D57C285D87D5006E6276 /* Debug */,
				08C9D57D285D87D5006E6276 /* Release */,
			);
			defaultConfigurationIsVisible = 0;
			defaultConfigurationName = Release;
		};
		08C9D57E285D87D5006E6276 /* Build configuration list for PBXNativeTarget "NetworkLayer" */ = {
			isa = XCConfigurationList;
			buildConfigurations = (
				08C9D57F285D87D5006E6276 /* Debug */,
				08C9D580285D87D5006E6276 /* Release */,
			);
			defaultConfigurationIsVisible = 0;
			defaultConfigurationName = Release;
		};
/* End XCConfigurationList section */
	};
	rootObject = 08C9D562285D87D4006E6276 /* Project object */;
}
